
Microsoft Visual Studio Solution File, Format Version 12.00
# Visual Studio Version 17
VisualStudioVersion = 17.2.32630.192
MinimumVisualStudioVersion = 10.0.40219.1
Project("{FAE04EC0-301F-11D3-BF4B-00C04F79EFBC}") = "VisualAcademy.Website", "VisualAcademy.Website\VisualAcademy.Website.csproj", "{3B261E8D-3D0C-4D38-92FD-95084267CBFD}"
EndProject
Global
	GlobalSection(SolutionConfigurationPlatforms) = preSolution
		Debug|Any CPU = Debug|Any CPU
		Release|Any CPU = Release|Any CPU
	EndGlobalSection
	GlobalSection(ProjectConfigurationPlatforms) = postSolution
		{3B261E8D-3D0C-4D38-92FD-95084267CBFD}.Debug|Any CPU.ActiveCfg = Debug|Any CPU
		{3B261E8D-3D0C-4D38-92FD-95084267CBFD}.Debug|Any CPU.Build.0 = Debug|Any CPU
		{3B261E8D-3D0C-4D38-92FD-95084267CBFD}.Release|Any CPU.ActiveCfg = Release|Any CPU
		{3B261E8D-3D0C-4D38-92FD-95084267CBFD}.Release|Any CPU.Build.0 = Release|Any CPU
	EndGlobalSection
	GlobalSection(SolutionProperties) = preSolution
		HideSolutionNode = FALSE
	EndGlobalSection
	GlobalSection(ExtensibilityGlobals) = postSolution
		SolutionGuid = {DA8D5569-5E15-42FD-BDAB-24786AC0E357}
	EndGlobalSection
EndGlobal
